
Microsoft Visual Studio Solution File, Format Version 12.00
Project("{FAE04EC0-301F-11D3-BF4B-00C04F79EFBC}") = "CodeIngestCmd", "CodeIngestCmd\CodeIngestCmd.csproj", "{D77D9A56-62A0-4492-997D-3A36415D0C81}"
EndProject
Project("{FAE04EC0-301F-11D3-BF4B-00C04F79EFBC}") = "CodeIngestLib", "CodeIngestLib\CodeIngestLib.csproj", "{CCD3D5FD-483B-4F3B-B223-63436F9F91C2}"
EndProject
Project("{FAE04EC0-301F-11D3-BF4B-00C04F79EFBC}") = "CSharp.Core", "DTC.Core\CSharp.Core\CSharp.Core.csproj", "{A7CC14FB-55DC-437A-B589-1940400CA3EE}"
EndProject
Project("{FAE04EC0-301F-11D3-BF4B-00C04F79EFBC}") = "CodeIngest.Desktop", "CodeIngest.Desktop\CodeIngest.Desktop.csproj", "{C615B413-6B43-42B4-8FAB-B5E2E8CD09BD}"
EndProject
Global
	GlobalSection(SolutionConfigurationPlatforms) = preSolution
		Debug|Any CPU = Debug|Any CPU
		Release|Any CPU = Release|Any CPU
	EndGlobalSection
	GlobalSection(ProjectConfigurationPlatforms) = postSolution
		{D77D9A56-62A0-4492-997D-3A36415D0C81}.Debug|Any CPU.ActiveCfg = Debug|Any CPU
		{D77D9A56-62A0-4492-997D-3A36415D0C81}.Debug|Any CPU.Build.0 = Debug|Any CPU
		{D77D9A56-62A0-4492-997D-3A36415D0C81}.Release|Any CPU.ActiveCfg = Release|Any CPU
		{D77D9A56-62A0-4492-997D-3A36415D0C81}.Release|Any CPU.Build.0 = Release|Any CPU
		{CCD3D5FD-483B-4F3B-B223-63436F9F91C2}.Debug|Any CPU.ActiveCfg = Debug|Any CPU
		{CCD3D5FD-483B-4F3B-B223-63436F9F91C2}.Debug|Any CPU.Build.0 = Debug|Any CPU
		{CCD3D5FD-483B-4F3B-B223-63436F9F91C2}.Release|Any CPU.ActiveCfg = Release|Any CPU
		{CCD3D5FD-483B-4F3B-B223-63436F9F91C2}.Release|Any CPU.Build.0 = Release|Any CPU
		{A7CC14FB-55DC-437A-B589-1940400CA3EE}.Debug|Any CPU.ActiveCfg = Debug|Any CPU
		{A7CC14FB-55DC-437A-B589-1940400CA3EE}.Debug|Any CPU.Build.0 = Debug|Any CPU
		{A7CC14FB-55DC-437A-B589-1940400CA3EE}.Release|Any CPU.ActiveCfg = Release|Any CPU
		{A7CC14FB-55DC-437A-B589-1940400CA3EE}.Release|Any CPU.Build.0 = Release|Any CPU
		{C615B413-6B43-42B4-8FAB-B5E2E8CD09BD}.Debug|Any CPU.ActiveCfg = Debug|Any CPU
		{C615B413-6B43-42B4-8FAB-B5E2E8CD09BD}.Debug|Any CPU.Build.0 = Debug|Any CPU
		{C615B413-6B43-42B4-8FAB-B5E2E8CD09BD}.Release|Any CPU.ActiveCfg = Release|Any CPU
		{C615B413-6B43-42B4-8FAB-B5E2E8CD09BD}.Release|Any CPU.Build.0 = Release|Any CPU
	EndGlobalSection
EndGlobal
